
Microsoft Visual Studio Solution File, Format Version 12.00
# Visual Studio Version 17
VisualStudioVersion = 17.13.35931.197
MinimumVisualStudioVersion = 10.0.40219.1
Project("{2150E333-8FDC-42A3-9474-1A3956D46DE8}") = "src", "src", "{02EA681E-C7D8-13C7-8484-4AC65E1B71E8}"
EndProject
Project("{FAE04EC0-301F-11D3-BF4B-00C04F79EFBC}") = "XueCard.TestHarness.Console", "src\XueCard.TestHarness.Console\XueCard.TestHarness.Console.csproj", "{8654CA35-FF7C-4434-94E7-7EC9B6A78BEE}"
EndProject
Project("{FAE04EC0-301F-11D3-BF4B-00C04F79EFBC}") = "XueCard.Api.Business", "src\XueCard.Api.Business\XueCard.Api.Business.csproj", "{93CC3DBB-3C4C-442F-8D95-54661140A899}"
EndProject
Project("{FAE04EC0-301F-11D3-BF4B-00C04F79EFBC}") = "XueCard.Api.Models", "src\XueCard.Api.Models\XueCard.Api.Models.csproj", "{54F0EBD6-9C56-4CB7-8EDA-4CBB65A506E5}"
EndProject
Global
	GlobalSection(SolutionConfigurationPlatforms) = preSolution
		Debug|Any CPU = Debug|Any CPU
		Release|Any CPU = Release|Any CPU
	EndGlobalSection
	GlobalSection(ProjectConfigurationPlatforms) = postSolution
		{8654CA35-FF7C-4434-94E7-7EC9B6A78BEE}.Debug|Any CPU.ActiveCfg = Debug|Any CPU
		{8654CA35-FF7C-4434-94E7-7EC9B6A78BEE}.Debug|Any CPU.Build.0 = Debug|Any CPU
		{8654CA35-FF7C-4434-94E7-7EC9B6A78BEE}.Release|Any CPU.ActiveCfg = Release|Any CPU
		{8654CA35-FF7C-4434-94E7-7EC9B6A78BEE}.Release|Any CPU.Build.0 = Release|Any CPU
		{93CC3DBB-3C4C-442F-8D95-54661140A899}.Debug|Any CPU.ActiveCfg = Debug|Any CPU
		{93CC3DBB-3C4C-442F-8D95-54661140A899}.Debug|Any CPU.Build.0 = Debug|Any CPU
		{93CC3DBB-3C4C-442F-8D95-54661140A899}.Release|Any CPU.ActiveCfg = Release|Any CPU
		{93CC3DBB-3C4C-442F-8D95-54661140A899}.Release|Any CPU.Build.0 = Release|Any CPU
		{54F0EBD6-9C56-4CB7-8EDA-4CBB65A506E5}.Debug|Any CPU.ActiveCfg = Debug|Any CPU
		{54F0EBD6-9C56-4CB7-8EDA-4CBB65A506E5}.Debug|Any CPU.Build.0 = Debug|Any CPU
		{54F0EBD6-9C56-4CB7-8EDA-4CBB65A506E5}.Release|Any CPU.ActiveCfg = Release|Any CPU
		{54F0EBD6-9C56-4CB7-8EDA-4CBB65A506E5}.Release|Any CPU.Build.0 = Release|Any CPU
	EndGlobalSection
	GlobalSection(SolutionProperties) = preSolution
		HideSolutionNode = FALSE
	EndGlobalSection
	GlobalSection(NestedProjects) = preSolution
		{8654CA35-FF7C-4434-94E7-7EC9B6A78BEE} = {02EA681E-C7D8-13C7-8484-4AC65E1B71E8}
		{93CC3DBB-3C4C-442F-8D95-54661140A899} = {02EA681E-C7D8-13C7-8484-4AC65E1B71E8}
		{54F0EBD6-9C56-4CB7-8EDA-4CBB65A506E5} = {02EA681E-C7D8-13C7-8484-4AC65E1B71E8}
	EndGlobalSection
	GlobalSection(ExtensibilityGlobals) = postSolution
		SolutionGuid = {F92159C2-85CA-41E2-89E7-A780E03DE1E4}
	EndGlobalSection
EndGlobal
